
Microsoft Visual Studio Solution File, Format Version 12.00
# Visual Studio Version 17
VisualStudioVersion = 17.1.32228.430
MinimumVisualStudioVersion = 10.0.40219.1
Project("{FAE04EC0-301F-11D3-BF4B-00C04F79EFBC}") = "Update", "Update\Update.csproj", "{64502406-B47B-479E-92BD-3A413BDC3176}"
EndProject
Global
	GlobalSection(SolutionConfigurationPlatforms) = preSolution
		Debug|Any CPU = Debug|Any CPU
		Release|Any CPU = Release|Any CPU
	EndGlobalSection
	GlobalSection(ProjectConfigurationPlatforms) = postSolution
		{64502406-B47B-479E-92BD-3A413BDC3176}.Debug|Any CPU.ActiveCfg = Debug|Any CPU
		{64502406-B47B-479E-92BD-3A413BDC3176}.Debug|Any CPU.Build.0 = Debug|Any CPU
		{64502406-B47B-479E-92BD-3A413BDC3176}.Release|Any CPU.ActiveCfg = Release|Any CPU
		{64502406-B47B-479E-92BD-3A413BDC3176}.Release|Any CPU.Build.0 = Release|Any CPU
	EndGlobalSection
	GlobalSection(SolutionProperties) = preSolution
		HideSolutionNode = FALSE
	EndGlobalSection
	GlobalSection(ExtensibilityGlobals) = postSolution
		SolutionGuid = {C6ADCC65-FC5C-420B-A612-225FCDFA4F9F}
	EndGlobalSection
EndGlobal
